// !$*UTF8*$!
{
	archiveVersion = 1;
	classes = {
	};
	objectVersion = 55;
	objects = {

/* Begin PBXBuildFile section */
		064644C7281099E3001EFDDC /* Klever_ChallengeApp.swift in Sources */ = {isa = PBXBuildFile; fileRef = 064644C6281099E3001EFDDC /* Klever_ChallengeApp.swift */; };
		064644C9281099E3001EFDDC /* ContentView.swift in Sources */ = {isa = PBXBuildFile; fileRef = 064644C8281099E3001EFDDC /* ContentView.swift */; };
		064644CB281099E5001EFDDC /* Assets.xcassets in Resources */ = {isa = PBXBuildFile; fileRef = 064644CA281099E5001EFDDC /* Assets.xcassets */; };
		064644CE281099E5001EFDDC /* Preview Assets.xcassets in Resources */ = {isa = PBXBuildFile; fileRef = 064644CD281099E5001EFDDC /* Preview Assets.xcassets */; };
		064644D8281099E5001EFDDC /* Klever_ChallengeTests.swift in Sources */ = {isa = PBXBuildFile; fileRef = 064644D7281099E5001EFDDC /* Klever_ChallengeTests.swift */; };
		064644E2281099E5001EFDDC /* Klever_ChallengeUITests.swift in Sources */ = {isa = PBXBuildFile; fileRef = 064644E1281099E5001EFDDC /* Klever_ChallengeUITests.swift */; };
		064644E4281099E5001EFDDC /* Klever_ChallengeUITestsLaunchTests.swift in Sources */ = {isa = PBXBuildFile; fileRef = 064644E3281099E5001EFDDC /* Klever_ChallengeUITestsLaunchTests.swift */; };
		064644F328109E73001EFDDC /* Beer.swift in Sources */ = {isa = PBXBuildFile; fileRef = 064644F228109E73001EFDDC /* Beer.swift */; };
		064644F528109F6F001EFDDC /* NetworkConn.swift in Sources */ = {isa = PBXBuildFile; fileRef = 064644F428109F6F001EFDDC /* NetworkConn.swift */; };
		064644F72810A270001EFDDC /* BeerModelAdapter.swift in Sources */ = {isa = PBXBuildFile; fileRef = 064644F62810A270001EFDDC /* BeerModelAdapter.swift */; };
		064644FB2810A84F001EFDDC /* BeerViewModel.swift in Sources */ = {isa = PBXBuildFile; fileRef = 064644FA2810A84F001EFDDC /* BeerViewModel.swift */; };
		064644FF2810AB18001EFDDC /* BeerView.swift in Sources */ = {isa = PBXBuildFile; fileRef = 064644FE2810AB18001EFDDC /* BeerView.swift */; };
		0646450228110034001EFDDC /* BeerInfoViewModel.swift in Sources */ = {isa = PBXBuildFile; fileRef = 0646450128110034001EFDDC /* BeerInfoViewModel.swift */; };
		06464504281100AF001EFDDC /* BeerInfoView.swift in Sources */ = {isa = PBXBuildFile; fileRef = 06464503281100AF001EFDDC /* BeerInfoView.swift */; };
		064645072811D9C7001EFDDC /* AddNewBeerView.swift in Sources */ = {isa = PBXBuildFile; fileRef = 064645062811D9C7001EFDDC /* AddNewBeerView.swift */; };
		064645092811DF62001EFDDC /* AddNewBeerViewModel.swift in Sources */ = {isa = PBXBuildFile; fileRef = 064645082811DF62001EFDDC /* AddNewBeerViewModel.swift */; };
		0646450E28123FCD001EFDDC /* EditBeerViewModel.swift in Sources */ = {isa = PBXBuildFile; fileRef = 0646450D28123FCD001EFDDC /* EditBeerViewModel.swift */; };
		06464512281240B6001EFDDC /* EditBeerView.swift in Sources */ = {isa = PBXBuildFile; fileRef = 06464511281240B6001EFDDC /* EditBeerView.swift */; };
		0646451528132905001EFDDC /* BeerInfoCell.swift in Sources */ = {isa = PBXBuildFile; fileRef = 0646451428132905001EFDDC /* BeerInfoCell.swift */; };
		0646451728132A28001EFDDC /* BeerListCell.swift in Sources */ = {isa = PBXBuildFile; fileRef = 0646451628132A28001EFDDC /* BeerListCell.swift */; };
		0646451A28132ED4001EFDDC /* BeerModel+Extensions.swift in Sources */ = {isa = PBXBuildFile; fileRef = 0646451928132ED4001EFDDC /* BeerModel+Extensions.swift */; };
/* End PBXBuildFile section */

/* Begin PBXContainerItemProxy section */
		064644D4281099E5001EFDDC /* PBXContainerItemProxy */ = {
			isa = PBXContainerItemProxy;
			containerPortal = 064644BB281099E3001EFDDC /* Project object */;
			proxyType = 1;
			remoteGlobalIDString = 064644C2281099E3001EFDDC;
			remoteInfo = "Klever Challenge";
		};
		064644DE281099E5001EFDDC /* PBXContainerItemProxy */ = {
			isa = PBXContainerItemProxy;
			containerPortal = 064644BB281099E3001EFDDC /* Project object */;
			proxyType = 1;
			remoteGlobalIDString = 064644C2281099E3001EFDDC;
			remoteInfo = "Klever Challenge";
		};
/* End PBXContainerItemProxy section */

/* Begin PBXFileReference section */
		064644C3281099E3001EFDDC /* Klever Challenge.app */ = {isa = PBXFileReference; explicitFileType = wrapper.application; includeInIndex = 0; path = "Klever Challenge.app"; sourceTree = BUILT_PRODUCTS_DIR; };
		064644C6281099E3001EFDDC /* Klever_ChallengeApp.swift */ = {isa = PBXFileReference; lastKnownFileType = sourcecode.swift; path = Klever_ChallengeApp.swift; sourceTree = "<group>"; };
		064644C8281099E3001EFDDC /* ContentView.swift */ = {isa = PBXFileReference; lastKnownFileType = sourcecode.swift; path = ContentView.swift; sourceTree = "<group>"; };
		064644CA281099E5001EFDDC /* Assets.xcassets */ = {isa = PBXFileReference; lastKnownFileType = folder.assetcatalog; path = Assets.xcassets; sourceTree = "<group>"; };
		064644CD281099E5001EFDDC /* Preview Assets.xcassets */ = {isa = PBXFileReference; lastKnownFileType = folder.assetcatalog; path = "Preview Assets.xcassets"; sourceTree = "<group>"; };
		064644D3281099E5001EFDDC /* Klever ChallengeTests.xctest */ = {isa = PBXFileReference; explicitFileType = wrapper.cfbundle; includeInIndex = 0; path = "Klever ChallengeTests.xctest"; sourceTree = BUILT_PRODUCTS_DIR; };
		064644D7281099E5001EFDDC /* Klever_ChallengeTests.swift */ = {isa = PBXFileReference; lastKnownFileType = sourcecode.swift; path = Klever_ChallengeTests.swift; sourceTree = "<group>"; };
		064644DD281099E5001EFDDC /* Klever ChallengeUITests.xctest */ = {isa = PBXFileReference; explicitFileType = wrapper.cfbundle; includeInIndex = 0; path = "Klever ChallengeUITests.xctest"; sourceTree = BUILT_PRODUCTS_DIR; };
		064644E1281099E5001EFDDC /* Klever_ChallengeUITests.swift */ = {isa = PBXFileReference; lastKnownFileType = sourcecode.swift; path = Klever_ChallengeUITests.swift; sourceTree = "<group>"; };
		064644E3281099E5001EFDDC /* Klever_ChallengeUITestsLaunchTests.swift */ = {isa = PBXFileReference; lastKnownFileType = sourcecode.swift; path = Klever_ChallengeUITestsLaunchTests.swift; sourceTree = "<group>"; };
		064644F228109E73001EFDDC /* Beer.swift */ = {isa = PBXFileReference; lastKnownFileType = sourcecode.swift; path = Beer.swift; sourceTree = "<group>"; };
		064644F428109F6F001EFDDC /* NetworkConn.swift */ = {isa = PBXFileReference; lastKnownFileType = sourcecode.swift; path = NetworkConn.swift; sourceTree = "<group>"; };
		064644F62810A270001EFDDC /* BeerModelAdapter.swift */ = {isa = PBXFileReference; lastKnownFileType = sourcecode.swift; path = BeerModelAdapter.swift; sourceTree = "<group>"; };
		064644FA2810A84F001EFDDC /* BeerViewModel.swift */ = {isa = PBXFileReference; lastKnownFileType = sourcecode.swift; path = BeerViewModel.swift; sourceTree = "<group>"; };
		064644FE2810AB18001EFDDC /* BeerView.swift */ = {isa = PBXFileReference; lastKnownFileType = sourcecode.swift; path = BeerView.swift; sourceTree = "<group>"; };
		0646450128110034001EFDDC /* BeerInfoViewModel.swift */ = {isa = PBXFileReference; lastKnownFileType = sourcecode.swift; path = BeerInfoViewModel.swift; sourceTree = "<group>"; };
		06464503281100AF001EFDDC /* BeerInfoView.swift */ = {isa = PBXFileReference; lastKnownFileType = sourcecode.swift; path = BeerInfoView.swift; sourceTree = "<group>"; };
		064645062811D9C7001EFDDC /* AddNewBeerView.swift */ = {isa = PBXFileReference; lastKnownFileType = sourcecode.swift; path = AddNewBeerView.swift; sourceTree = "<group>"; };
		064645082811DF62001EFDDC /* AddNewBeerViewModel.swift */ = {isa = PBXFileReference; lastKnownFileType = sourcecode.swift; path = AddNewBeerViewModel.swift; sourceTree = "<group>"; };
		0646450D28123FCD001EFDDC /* EditBeerViewModel.swift */ = {isa = PBXFileReference; lastKnownFileType = sourcecode.swift; path = EditBeerViewModel.swift; sourceTree = "<group>"; };
		06464511281240B6001EFDDC /* EditBeerView.swift */ = {isa = PBXFileReference; lastKnownFileType = sourcecode.swift; path = EditBeerView.swift; sourceTree = "<group>"; };
		0646451428132905001EFDDC /* BeerInfoCell.swift */ = {isa = PBXFileReference; lastKnownFileType = sourcecode.swift; path = BeerInfoCell.swift; sourceTree = "<group>"; };
		0646451628132A28001EFDDC /* BeerListCell.swift */ = {isa = PBXFileReference; lastKnownFileType = sourcecode.swift; path = BeerListCell.swift; sourceTree = "<group>"; };
		0646451928132ED4001EFDDC /* BeerModel+Extensions.swift */ = {isa = PBXFileReference; lastKnownFileType = sourcecode.swift; path = "BeerModel+Extensions.swift"; sourceTree = "<group>"; };
/* End PBXFileReference section */

/* Begin PBXFrameworksBuildPhase section */
		064644C0281099E3001EFDDC /* Frameworks */ = {
			isa = PBXFrameworksBuildPhase;
			buildActionMask = 2147483647;
			files = (
			);
			runOnlyForDeploymentPostprocessing = 0;
		};
		064644D0281099E5001EFDDC /* Frameworks */ = {
			isa = PBXFrameworksBuildPhase;
			buildActionMask = 2147483647;
			files = (
			);
			runOnlyForDeploymentPostprocessing = 0;
		};
		064644DA281099E5001EFDDC /* Frameworks */ = {
			isa = PBXFrameworksBuildPhase;
			buildActionMask = 2147483647;
			files = (
			);
			runOnlyForDeploymentPostprocessing = 0;
		};
/* End PBXFrameworksBuildPhase section */

/* Begin PBXGroup section */
		064644BA281099E3001EFDDC = {
			isa = PBXGroup;
			children = (
				064644C5281099E3001EFDDC /* Klever Challenge */,
				064644D6281099E5001EFDDC /* Klever ChallengeTests */,
				064644E0281099E5001EFDDC /* Klever ChallengeUITests */,
				064644C4281099E3001EFDDC /* Products */,
			);
			sourceTree = "<group>";
		};
		064644C4281099E3001EFDDC /* Products */ = {
			isa = PBXGroup;
			children = (
				064644C3281099E3001EFDDC /* Klever Challenge.app */,
				064644D3281099E5001EFDDC /* Klever ChallengeTests.xctest */,
				064644DD281099E5001EFDDC /* Klever ChallengeUITests.xctest */,
			);
			name = Products;
			sourceTree = "<group>";
		};
		064644C5281099E3001EFDDC /* Klever Challenge */ = {
			isa = PBXGroup;
			children = (
				0646451828132EA9001EFDDC /* Extensions */,
				06464513281328E2001EFDDC /* Components */,
				064644F82810A811001EFDDC /* Screens */,
				064644F028109E11001EFDDC /* Service */,
				064644C6281099E3001EFDDC /* Klever_ChallengeApp.swift */,
				064644C8281099E3001EFDDC /* ContentView.swift */,
				064644CA281099E5001EFDDC /* Assets.xcassets */,
				064644CC281099E5001EFDDC /* Preview Content */,
			);
			path = "Klever Challenge";
			sourceTree = "<group>";
		};
		064644CC281099E5001EFDDC /* Preview Content */ = {
			isa = PBXGroup;
			children = (
				064644CD281099E5001EFDDC /* Preview Assets.xcassets */,
			);
			path = "Preview Content";
			sourceTree = "<group>";
		};
		064644D6281099E5001EFDDC /* Klever ChallengeTests */ = {
			isa = PBXGroup;
			children = (
				064644D7281099E5001EFDDC /* Klever_ChallengeTests.swift */,
			);
			path = "Klever ChallengeTests";
			sourceTree = "<group>";
		};
		064644E0281099E5001EFDDC /* Klever ChallengeUITests */ = {
			isa = PBXGroup;
			children = (
				064644E1281099E5001EFDDC /* Klever_ChallengeUITests.swift */,
				064644E3281099E5001EFDDC /* Klever_ChallengeUITestsLaunchTests.swift */,
			);
			path = "Klever ChallengeUITests";
			sourceTree = "<group>";
		};
		064644F028109E11001EFDDC /* Service */ = {
			isa = PBXGroup;
			children = (
				064644F128109E4D001EFDDC /* Entities */,
				064644F428109F6F001EFDDC /* NetworkConn.swift */,
				064644F62810A270001EFDDC /* BeerModelAdapter.swift */,
			);
			path = Service;
			sourceTree = "<group>";
		};
		064644F128109E4D001EFDDC /* Entities */ = {
			isa = PBXGroup;
			children = (
				064644F228109E73001EFDDC /* Beer.swift */,
			);
			path = Entities;
			sourceTree = "<group>";
		};
		064644F82810A811001EFDDC /* Screens */ = {
			isa = PBXGroup;
			children = (
				064644F92810A81F001EFDDC /* BeerList */,
				064645002811000C001EFDDC /* BeerFullInfo */,
				0646450A28123F59001EFDDC /* EditBeer */,
				064645052811D9AE001EFDDC /* AddNewBeer */,
			);
			path = Screens;
			sourceTree = "<group>";
		};
		064644F92810A81F001EFDDC /* BeerList */ = {
			isa = PBXGroup;
			children = (
				064644FA2810A84F001EFDDC /* BeerViewModel.swift */,
				064644FE2810AB18001EFDDC /* BeerView.swift */,
			);
			path = BeerList;
			sourceTree = "<group>";
		};
		064645002811000C001EFDDC /* BeerFullInfo */ = {
			isa = PBXGroup;
			children = (
				0646450128110034001EFDDC /* BeerInfoViewModel.swift */,
				06464503281100AF001EFDDC /* BeerInfoView.swift */,
			);
			path = BeerFullInfo;
			sourceTree = "<group>";
		};
		064645052811D9AE001EFDDC /* AddNewBeer */ = {
			isa = PBXGroup;
			children = (
				064645062811D9C7001EFDDC /* AddNewBeerView.swift */,
				064645082811DF62001EFDDC /* AddNewBeerViewModel.swift */,
			);
			path = AddNewBeer;
			sourceTree = "<group>";
		};
		0646450A28123F59001EFDDC /* EditBeer */ = {
			isa = PBXGroup;
			children = (
				0646450D28123FCD001EFDDC /* EditBeerViewModel.swift */,
				06464511281240B6001EFDDC /* EditBeerView.swift */,
			);
			path = EditBeer;
			sourceTree = "<group>";
		};
		06464513281328E2001EFDDC /* Components */ = {
			isa = PBXGroup;
			children = (
				0646451428132905001EFDDC /* BeerInfoCell.swift */,
				0646451628132A28001EFDDC /* BeerListCell.swift */,
			);
			path = Components;
			sourceTree = "<group>";
		};
		0646451828132EA9001EFDDC /* Extensions */ = {
			isa = PBXGroup;
			children = (
				0646451928132ED4001EFDDC /* BeerModel+Extensions.swift */,
			);
			path = Extensions;
			sourceTree = "<group>";
		};
/* End PBXGroup section */

/* Begin PBXNativeTarget section */
		064644C2281099E3001EFDDC /* Klever Challenge */ = {
			isa = PBXNativeTarget;
			buildConfigurationList = 064644E7281099E5001EFDDC /* Build configuration list for PBXNativeTarget "Klever Challenge" */;
			buildPhases = (
				064644BF281099E3001EFDDC /* Sources */,
				064644C0281099E3001EFDDC /* Frameworks */,
				064644C1281099E3001EFDDC /* Resources */,
			);
			buildRules = (
			);
			dependencies = (
			);
			name = "Klever Challenge";
			productName = "Klever Challenge";
			productReference = 064644C3281099E3001EFDDC /* Klever Challenge.app */;
			productType = "com.apple.product-type.application";
		};
		064644D2281099E5001EFDDC /* Klever ChallengeTests */ = {
			isa = PBXNativeTarget;
			buildConfigurationList = 064644EA281099E5001EFDDC /* Build configuration list for PBXNativeTarget "Klever ChallengeTests" */;
			buildPhases = (
				064644CF281099E5001EFDDC /* Sources */,
				064644D0281099E5001EFDDC /* Frameworks */,
				064644D1281099E5001EFDDC /* Resources */,
			);
			buildRules = (
			);
			dependencies = (
				064644D5281099E5001EFDDC /* PBXTargetDependency */,
			);
			name = "Klever ChallengeTests";
			productName = "Klever ChallengeTests";
			productReference = 064644D3281099E5001EFDDC /* Klever ChallengeTests.xctest */;
			productType = "com.apple.product-type.bundle.unit-test";
		};
		064644DC281099E5001EFDDC /* Klever ChallengeUITests */ = {
			isa = PBXNativeTarget;
			buildConfigurationList = 064644ED281099E5001EFDDC /* Build configuration list for PBXNativeTarget "Klever ChallengeUITests" */;
			buildPhases = (
				064644D9281099E5001EFDDC /* Sources */,
				064644DA281099E5001EFDDC /* Frameworks */,
				064644DB281099E5001EFDDC /* Resources */,
			);
			buildRules = (
			);
			dependencies = (
				064644DF281099E5001EFDDC /* PBXTargetDependency */,
			);
			name = "Klever ChallengeUITests";
			productName = "Klever ChallengeUITests";
			productReference = 064644DD281099E5001EFDDC /* Klever ChallengeUITests.xctest */;
			productType = "com.apple.product-type.bundle.ui-testing";
		};
/* End PBXNativeTarget section */

/* Begin PBXProject section */
		064644BB281099E3001EFDDC /* Project object */ = {
			isa = PBXProject;
			attributes = {
				BuildIndependentTargetsInParallel = 1;
				LastSwiftUpdateCheck = 1320;
				LastUpgradeCheck = 1320;
				TargetAttributes = {
					064644C2281099E3001EFDDC = {
						CreatedOnToolsVersion = 13.2.1;
					};
					064644D2281099E5001EFDDC = {
						CreatedOnToolsVersion = 13.2.1;
						TestTargetID = 064644C2281099E3001EFDDC;
					};
					064644DC281099E5001EFDDC = {
						CreatedOnToolsVersion = 13.2.1;
						TestTargetID = 064644C2281099E3001EFDDC;
					};
				};
			};
			buildConfigurationList = 064644BE281099E3001EFDDC /* Build configuration list for PBXProject "Klever Challenge" */;
			compatibilityVersion = "Xcode 13.0";
			developmentRegion = en;
			hasScannedForEncodings = 0;
			knownRegions = (
				en,
				Base,
			);
			mainGroup = 064644BA281099E3001EFDDC;
			productRefGroup = 064644C4281099E3001EFDDC /* Products */;
			projectDirPath = "";
			projectRoot = "";
			targets = (
				064644C2281099E3001EFDDC /* Klever Challenge */,
				064644D2281099E5001EFDDC /* Klever ChallengeTests */,
				064644DC281099E5001EFDDC /* Klever ChallengeUITests */,
			);
		};
/* End PBXProject section */

/* Begin PBXResourcesBuildPhase section */
		064644C1281099E3001EFDDC /* Resources */ = {
			isa = PBXResourcesBuildPhase;
			buildActionMask = 2147483647;
			files = (
				064644CE281099E5001EFDDC /* Preview Assets.xcassets in Resources */,
				064644CB281099E5001EFDDC /* Assets.xcassets in Resources */,
			);
			runOnlyForDeploymentPostprocessing = 0;
		};
		064644D1281099E5001EFDDC /* Resources */ = {
			isa = PBXResourcesBuildPhase;
			buildActionMask = 2147483647;
			files = (
			);
			runOnlyForDeploymentPostprocessing = 0;
		};
		064644DB281099E5001EFDDC /* Resources */ = {
			isa = PBXResourcesBuildPhase;
			buildActionMask = 2147483647;
			files = (
			);
			runOnlyForDeploymentPostprocessing = 0;
		};
/* End PBXResourcesBuildPhase section */

/* Begin PBXSourcesBuildPhase section */
		064644BF281099E3001EFDDC /* Sources */ = {
			isa = PBXSourcesBuildPhase;
			buildActionMask = 2147483647;
			files = (
				0646450228110034001EFDDC /* BeerInfoViewModel.swift in Sources */,
				06464512281240B6001EFDDC /* EditBeerView.swift in Sources */,
				064645092811DF62001EFDDC /* AddNewBeerViewModel.swift in Sources */,
				0646451528132905001EFDDC /* BeerInfoCell.swift in Sources */,
				0646450E28123FCD001EFDDC /* EditBeerViewModel.swift in Sources */,
				064645072811D9C7001EFDDC /* AddNewBeerView.swift in Sources */,
				064644FB2810A84F001EFDDC /* BeerViewModel.swift in Sources */,
				064644F528109F6F001EFDDC /* NetworkConn.swift in Sources */,
				064644FF2810AB18001EFDDC /* BeerView.swift in Sources */,
				064644C9281099E3001EFDDC /* ContentView.swift in Sources */,
				064644F72810A270001EFDDC /* BeerModelAdapter.swift in Sources */,
				064644F328109E73001EFDDC /* Beer.swift in Sources */,
				06464504281100AF001EFDDC /* BeerInfoView.swift in Sources */,
				064644C7281099E3001EFDDC /* Klever_ChallengeApp.swift in Sources */,
				0646451728132A28001EFDDC /* BeerListCell.swift in Sources */,
				0646451A28132ED4001EFDDC /* BeerModel+Extensions.swift in Sources */,
			);
			runOnlyForDeploymentPostprocessing = 0;
		};
		064644CF281099E5001EFDDC /* Sources */ = {
			isa = PBXSourcesBuildPhase;
			buildActionMask = 2147483647;
			files = (
				064644D8281099E5001EFDDC /* Klever_ChallengeTests.swift in Sources */,
			);
			runOnlyForDeploymentPostprocessing = 0;
		};
		064644D9281099E5001EFDDC /* Sources */ = {
			isa = PBXSourcesBuildPhase;
			buildActionMask = 2147483647;
			files = (
				064644E2281099E5001EFDDC /* Klever_ChallengeUITests.swift in Sources */,
				064644E4281099E5001EFDDC /* Klever_ChallengeUITestsLaunchTests.swift in Sources */,
			);
			runOnlyForDeploymentPostprocessing = 0;
		};
/* End PBXSourcesBuildPhase section */

/* Begin PBXTargetDependency section */
		064644D5281099E5001EFDDC /* PBXTargetDependency */ = {
			isa = PBXTargetDependency;
			target = 064644C2281099E3001EFDDC /* Klever Challenge */;
			targetProxy = 064644D4281099E5001EFDDC /* PBXContainerItemProxy */;
		};
		064644DF281099E5001EFDDC /* PBXTargetDependency */ = {
			isa = PBXTargetDependency;
			target = 064644C2281099E3001EFDDC /* Klever Challenge */;
			targetProxy = 064644DE281099E5001EFDDC /* PBXContainerItemProxy */;
		};
/* End PBXTargetDependency section */

/* Begin XCBuildConfiguration section */
		064644E5281099E5001EFDDC /* Debug */ = {
			isa = XCBuildConfiguration;
			buildSettings = {
				ALWAYS_SEARCH_USER_PATHS = NO;
				CLANG_ANALYZER_NONNULL = YES;
				CLANG_ANALYZER_NUMBER_OBJECT_CONVERSION = YES_AGGRESSIVE;
				CLANG_CXX_LANGUAGE_STANDARD = "gnu++17";
				CLANG_CXX_LIBRARY = "libc++";
				CLANG_ENABLE_MODULES = YES;
				CLANG_ENABLE_OBJC_ARC = YES;
				CLANG_ENABLE_OBJC_WEAK = YES;
				CLANG_WARN_BLOCK_CAPTURE_AUTORELEASING = YES;
				CLANG_WARN_BOOL_CONVERSION = YES;
				CLANG_WARN_COMMA = YES;
				CLANG_WARN_CONSTANT_CONVERSION = YES;
				CLANG_WARN_DEPRECATED_OBJC_IMPLEMENTATIONS = YES;
				CLANG_WARN_DIRECT_OBJC_ISA_USAGE = YES_ERROR;
				CLANG_WARN_DOCUMENTATION_COMMENTS = YES;
				CLANG_WARN_EMPTY_BODY = YES;
				CLANG_WARN_ENUM_CONVERSION = YES;
				CLANG_WARN_INFINITE_RECURSION = YES;
				CLANG_WARN_INT_CONVERSION = YES;
				CLANG_WARN_NON_LITERAL_NULL_CONVERSION = YES;
				CLANG_WARN_OBJC_IMPLICIT_RETAIN_SELF = YES;
				CLANG_WARN_OBJC_LITERAL_CONVERSION = YES;
				CLANG_WARN_OBJC_ROOT_CLASS = YES_ERROR;
				CLANG_WARN_QUOTED_INCLUDE_IN_FRAMEWORK_HEADER = YES;
				CLANG_WARN_RANGE_LOOP_ANALYSIS = YES;
				CLANG_WARN_STRICT_PROTOTYPES = YES;
				CLANG_WARN_SUSPICIOUS_MOVE = YES;
				CLANG_WARN_UNGUARDED_AVAILABILITY = YES_AGGRESSIVE;
				CLANG_WARN_UNREACHABLE_CODE = YES;
				CLANG_WARN__DUPLICATE_METHOD_MATCH = YES;
				COPY_PHASE_STRIP = NO;
				DEBUG_INFORMATION_FORMAT = dwarf;
				ENABLE_STRICT_OBJC_MSGSEND = YES;
				ENABLE_TESTABILITY = YES;
				GCC_C_LANGUAGE_STANDARD = gnu11;
				GCC_DYNAMIC_NO_PIC = NO;
				GCC_NO_COMMON_BLOCKS = YES;
				GCC_OPTIMIZATION_LEVEL = 0;
				GCC_PREPROCESSOR_DEFINITIONS = (
					"DEBUG=1",
					"$(inherited)",
				);
				GCC_WARN_64_TO_32_BIT_CONVERSION = YES;
				GCC_WARN_ABOUT_RETURN_TYPE = YES_ERROR;
				GCC_WARN_UNDECLARED_SELECTOR = YES;
				GCC_WARN_UNINITIALIZED_AUTOS = YES_AGGRESSIVE;
				GCC_WARN_UNUSED_FUNCTION = YES;
				GCC_WARN_UNUSED_VARIABLE = YES;
				IPHONEOS_DEPLOYMENT_TARGET = 15.2;
				MTL_ENABLE_DEBUG_INFO = INCLUDE_SOURCE;
				MTL_FAST_MATH = YES;
				ONLY_ACTIVE_ARCH = YES;
				SDKROOT = iphoneos;
				SWIFT_ACTIVE_COMPILATION_CONDITIONS = DEBUG;
				SWIFT_OPTIMIZATION_LEVEL = "-Onone";
			};
			name = Debug;
		};
		064644E6281099E5001EFDDC /* Release */ = {
			isa = XCBuildConfiguration;
			buildSettings = {
				ALWAYS_SEARCH_USER_PATHS = NO;
				CLANG_ANALYZER_NONNULL = YES;
				CLANG_ANALYZER_NUMBER_OBJECT_CONVERSION = YES_AGGRESSIVE;
				CLANG_CXX_LANGUAGE_STANDARD = "gnu++17";
				CLANG_CXX_LIBRARY = "libc++";
				CLANG_ENABLE_MODULES = YES;
				CLANG_ENABLE_OBJC_ARC = YES;
				CLANG_ENABLE_OBJC_WEAK = YES;
				CLANG_WARN_BLOCK_CAPTURE_AUTORELEASING = YES;
				CLANG_WARN_BOOL_CONVERSION = YES;
				CLANG_WARN_COMMA = YES;
				CLANG_WARN_CONSTANT_CONVERSION = YES;
				CLANG_WARN_DEPRECATED_OBJC_IMPLEMENTATIONS = YES;
				CLANG_WARN_DIRECT_OBJC_ISA_USAGE = YES_ERROR;
				CLANG_WARN_DOCUMENTATION_COMMENTS = YES;
				CLANG_WARN_EMPTY_BODY = YES;
				CLANG_WARN_ENUM_CONVERSION = YES;
				CLANG_WARN_INFINITE_RECURSION = YES;
				CLANG_WARN_INT_CONVERSION = YES;
				CLANG_WARN_NON_LITERAL_NULL_CONVERSION = YES;
				CLANG_WARN_OBJC_IMPLICIT_RETAIN_SELF = YES;
				CLANG_WARN_OBJC_LITERAL_CONVERSION = YES;
				CLANG_WARN_OBJC_ROOT_CLASS = YES_ERROR;
				CLANG_WARN_QUOTED_INCLUDE_IN_FRAMEWORK_HEADER = YES;
				CLANG_WARN_RANGE_LOOP_ANALYSIS = YES;
				CLANG_WARN_STRICT_PROTOTYPES = YES;
				CLANG_WARN_SUSPICIOUS_MOVE = YES;
				CLANG_WARN_UNGUARDED_AVAILABILITY = YES_AGGRESSIVE;
				CLANG_WARN_UNREACHABLE_CODE = YES;
				CLANG_WARN__DUPLICATE_METHOD_MATCH = YES;
				COPY_PHASE_STRIP = NO;
				DEBUG_INFORMATION_FORMAT = "dwarf-with-dsym";
				ENABLE_NS_ASSERTIONS = NO;
				ENABLE_STRICT_OBJC_MSGSEND = YES;
				GCC_C_LANGUAGE_STANDARD = gnu11;
				GCC_NO_COMMON_BLOCKS = YES;
				GCC_WARN_64_TO_32_BIT_CONVERSION = YES;
				GCC_WARN_ABOUT_RETURN_TYPE = YES_ERROR;
				GCC_WARN_UNDECLARED_SELECTOR = YES;
				GCC_WARN_UNINITIALIZED_AUTOS = YES_AGGRESSIVE;
				GCC_WARN_UNUSED_FUNCTION = YES;
				GCC_WARN_UNUSED_VARIABLE = YES;
				IPHONEOS_DEPLOYMENT_TARGET = 15.2;
				MTL_ENABLE_DEBUG_INFO = NO;
				MTL_FAST_MATH = YES;
				SDKROOT = iphoneos;
				SWIFT_COMPILATION_MODE = wholemodule;
				SWIFT_OPTIMIZATION_LEVEL = "-O";
				VALIDATE_PRODUCT = YES;
			};
			name = Release;
		};
		064644E8281099E5001EFDDC /* Debug */ = {
			isa = XCBuildConfiguration;
			buildSettings = {
				ASSETCATALOG_COMPILER_APPICON_NAME = AppIcon;
				ASSETCATALOG_COMPILER_GLOBAL_ACCENT_COLOR_NAME = AccentColor;
				CODE_SIGN_STYLE = Automatic;
				CURRENT_PROJECT_VERSION = 1;
				DEVELOPMENT_ASSET_PATHS = "\"Klever Challenge/Preview Content\"";
				DEVELOPMENT_TEAM = SAVTXQ62KA;
				ENABLE_PREVIEWS = YES;
				GENERATE_INFOPLIST_FILE = YES;
				INFOPLIST_KEY_UIApplicationSceneManifest_Generation = YES;
				INFOPLIST_KEY_UIApplicationSupportsIndirectInputEvents = YES;
				INFOPLIST_KEY_UILaunchScreen_Generation = YES;
				INFOPLIST_KEY_UISupportedInterfaceOrientations_iPad = "UIInterfaceOrientationPortrait UIInterfaceOrientationPortraitUpsideDown UIInterfaceOrientationLandscapeLeft UIInterfaceOrientationLandscapeRight";
				INFOPLIST_KEY_UISupportedInterfaceOrientations_iPhone = "UIInterfaceOrientationPortrait UIInterfaceOrientationLandscapeLeft UIInterfaceOrientationLandscapeRight";
				IPHONEOS_DEPLOYMENT_TARGET = 15.0;
				LD_RUNPATH_SEARCH_PATHS = (
					"$(inherited)",
					"@executable_path/Frameworks",
				);
				MARKETING_VERSION = 1.0;
				PRODUCT_BUNDLE_IDENTIFIER = "com.lucaspinto.Klever-Challenge";
				PRODUCT_NAME = "$(TARGET_NAME)";
				SWIFT_EMIT_LOC_STRINGS = YES;
				SWIFT_VERSION = 5.0;
				TARGETED_DEVICE_FAMILY = "1,2";
			};
			name = Debug;
		};
		064644E9281099E5001EFDDC /* Release */ = {
			isa = XCBuildConfiguration;
			buildSettings = {
				ASSETCATALOG_COMPILER_APPICON_NAME = AppIcon;
				ASSETCATALOG_COMPILER_GLOBAL_ACCENT_COLOR_NAME = AccentColor;
				CODE_SIGN_STYLE = Automatic;
				CURRENT_PROJECT_VERSION = 1;
				DEVELOPMENT_ASSET_PATHS = "\"Klever Challenge/Preview Content\"";
				DEVELOPMENT_TEAM = SAVTXQ62KA;
				ENABLE_PREVIEWS = YES;
				GENERATE_INFOPLIST_FILE = YES;
				INFOPLIST_KEY_UIApplicationSceneManifest_Generation = YES;
				INFOPLIST_KEY_UIApplicationSupportsIndirectInputEvents = YES;
				INFOPLIST_KEY_UILaunchScreen_Generation = YES;
				INFOPLIST_KEY_UISupportedInterfaceOrientations_iPad = "UIInterfaceOrientationPortrait UIInterfaceOrientationPortraitUpsideDown UIInterfaceOrientationLandscapeLeft UIInterfaceOrientationLandscapeRight";
				INFOPLIST_KEY_UISupportedInterfaceOrientations_iPhone = "UIInterfaceOrientationPortrait UIInterfaceOrientationLandscapeLeft UIInterfaceOrientationLandscapeRight";
				IPHONEOS_DEPLOYMENT_TARGET = 15.0;
				LD_RUNPATH_SEARCH_PATHS = (
					"$(inherited)",
					"@executable_path/Frameworks",
				);
				MARKETING_VERSION = 1.0;
				PRODUCT_BUNDLE_IDENTIFIER = "com.lucaspinto.Klever-Challenge";
				PRODUCT_NAME = "$(TARGET_NAME)";
				SWIFT_EMIT_LOC_STRINGS = YES;
				SWIFT_VERSION = 5.0;
				TARGETED_DEVICE_FAMILY = "1,2";
			};
			name = Release;
		};
		064644EB281099E5001EFDDC /* Debug */ = {
			isa = XCBuildConfiguration;
			buildSettings = {
				ALWAYS_EMBED_SWIFT_STANDARD_LIBRARIES = YES;
				BUNDLE_LOADER = "$(TEST_HOST)";
				CODE_SIGN_STYLE = Automatic;
				CURRENT_PROJECT_VERSION = 1;
				DEVELOPMENT_TEAM = SAVTXQ62KA;
				GENERATE_INFOPLIST_FILE = YES;
				IPHONEOS_DEPLOYMENT_TARGET = 15.2;
				MARKETING_VERSION = 1.0;
				PRODUCT_BUNDLE_IDENTIFIER = "com.lucaspinto.Klever-ChallengeTests";
				PRODUCT_NAME = "$(TARGET_NAME)";
				SWIFT_EMIT_LOC_STRINGS = NO;
				SWIFT_VERSION = 5.0;
				TARGETED_DEVICE_FAMILY = "1,2";
				TEST_HOST = "$(BUILT_PRODUCTS_DIR)/Klever Challenge.app/Klever Challenge";
			};
			name = Debug;
		};
		064644EC281099E5001EFDDC /* Release */ = {
			isa = XCBuildConfiguration;
			buildSettings = {
				ALWAYS_EMBED_SWIFT_STANDARD_LIBRARIES = YES;
				BUNDLE_LOADER = "$(TEST_HOST)";
				CODE_SIGN_STYLE = Automatic;
				CURRENT_PROJECT_VERSION = 1;
				DEVELOPMENT_TEAM = SAVTXQ62KA;
				GENERATE_INFOPLIST_FILE = YES;
				IPHONEOS_DEPLOYMENT_TARGET = 15.2;
				MARKETING_VERSION = 1.0;
				PRODUCT_BUNDLE_IDENTIFIER = "com.lucaspinto.Klever-ChallengeTests";
				PRODUCT_NAME = "$(TARGET_NAME)";
				SWIFT_EMIT_LOC_STRINGS = NO;
				SWIFT_VERSION = 5.0;
				TARGETED_DEVICE_FAMILY = "1,2";
				TEST_HOST = "$(BUILT_PRODUCTS_DIR)/Klever Challenge.app/Klever Challenge";
			};
			name = Release;
		};
		064644EE281099E5001EFDDC /* Debug */ = {
			isa = XCBuildConfiguration;
			buildSettings = {
				ALWAYS_EMBED_SWIFT_STANDARD_LIBRARIES = YES;
				CODE_SIGN_STYLE = Automatic;
				CURRENT_PROJECT_VERSION = 1;
				DEVELOPMENT_TEAM = SAVTXQ62KA;
				GENERATE_INFOPLIST_FILE = YES;
				MARKETING_VERSION = 1.0;
				PRODUCT_BUNDLE_IDENTIFIER = "com.lucaspinto.Klever-ChallengeUITests";
				PRODUCT_NAME = "$(TARGET_NAME)";
				SWIFT_EMIT_LOC_STRINGS = NO;
				SWIFT_VERSION = 5.0;
				TARGETED_DEVICE_FAMILY = "1,2";
				TEST_TARGET_NAME = "Klever Challenge";
			};
			name = Debug;
		};
		064644EF281099E5001EFDDC /* Release */ = {
			isa = XCBuildConfiguration;
			buildSettings = {
				ALWAYS_EMBED_SWIFT_STANDARD_LIBRARIES = YES;
				CODE_SIGN_STYLE = Automatic;
				CURRENT_PROJECT_VERSION = 1;
				DEVELOPMENT_TEAM = SAVTXQ62KA;
				GENERATE_INFOPLIST_FILE = YES;
				MARKETING_VERSION = 1.0;
				PRODUCT_BUNDLE_IDENTIFIER = "com.lucaspinto.Klever-ChallengeUITests";
				PRODUCT_NAME = "$(TARGET_NAME)";
				SWIFT_EMIT_LOC_STRINGS = NO;
				SWIFT_VERSION = 5.0;
				TARGETED_DEVICE_FAMILY = "1,2";
				TEST_TARGET_NAME = "Klever Challenge";
			};
			name = Release;
		};
/* End XCBuildConfiguration section */

/* Begin XCConfigurationList section */
		064644BE281099E3001EFDDC /* Build configuration list for PBXProject "Klever Challenge" */ = {
			isa = XCConfigurationList;
			buildConfigurations = (
				064644E5281099E5001EFDDC /* Debug */,
				064644E6281099E5001EFDDC /* Release */,
			);
			defaultConfigurationIsVisible = 0;
			defaultConfigurationName = Release;
		};
		064644E7281099E5001EFDDC /* Build configuration list for PBXNativeTarget "Klever Challenge" */ = {
			isa = XCConfigurationList;
			buildConfigurations = (
				064644E8281099E5001EFDDC /* Debug */,
				064644E9281099E5001EFDDC /* Release */,
			);
			defaultConfigurationIsVisible = 0;
			defaultConfigurationName = Release;
		};
		064644EA281099E5001EFDDC /* Build configuration list for PBXNativeTarget "Klever ChallengeTests" */ = {
			isa = XCConfigurationList;
			buildConfigurations = (
				064644EB281099E5001EFDDC /* Debug */,
				064644EC281099E5001EFDDC /* Release */,
			);
			defaultConfigurationIsVisible = 0;
			defaultConfigurationName = Release;
		};
		064644ED281099E5001EFDDC /* Build configuration list for PBXNativeTarget "Klever ChallengeUITests" */ = {
			isa = XCConfigurationList;
			buildConfigurations = (
				064644EE281099E5001EFDDC /* Debug */,
				064644EF281099E5001EFDDC /* Release */,
			);
			defaultConfigurationIsVisible = 0;
			defaultConfigurationName = Release;
		};
/* End XCConfigurationList section */
	};
	rootObject = 064644BB281099E3001EFDDC /* Project object */;
}
